#MicroXplorer Configuration settings - do not modify
ADC1.Channel-0\#ChannelRegularConversion=ADC_CHANNEL_TEMPSENSOR
ADC1.ClockPrescaler=ADC_CLOCK_SYNC_PCLK_DIV8
ADC1.ContinuousConvMode=DISABLE
ADC1.DMAContinuousRequests=DISABLE
ADC1.DataAlign=ADC_DATAALIGN_RIGHT
ADC1.DiscontinuousConvMode=DISABLE
ADC1.EOCSelection=ADC_EOC_SINGLE_CONV
ADC1.EnableAnalogWatchDog=false
ADC1.ExternalTrigConv=ADC_SOFTWARE_START
ADC1.ExternalTrigConvEdge=ADC_EXTERNALTRIGCONVEDGE_NONE
ADC1.IPParameters=Rank-0\#ChannelRegularConversion,Channel-0\#ChannelRegularConversion,SamplingTime-0\#ChannelRegularConversion,NbrOfConversionFlag,master,ClockPrescaler,Resolution,DataAlign,ScanConvMode,ContinuousConvMode,DiscontinuousConvMode,DMAContinuousRequests,EOCSelection,NbrOfConversion,ExternalTrigConv,ExternalTrigConvEdge,InjNumberOfConversion,EnableAnalogWatchDog
ADC1.InjNumberOfConversion=0
ADC1.NbrOfConversion=1
ADC1.NbrOfConversionFlag=1
ADC1.Rank-0\#ChannelRegularConversion=1
ADC1.Resolution=ADC_RESOLUTION_12B
ADC1.SamplingTime-0\#ChannelRegularConversion=ADC_SAMPLETIME_15CYCLES
ADC1.ScanConvMode=DISABLE
ADC1.master=1
ADC3.Channel-117\#ChannelRegularConversion=ADC_CHANNEL_4
ADC3.ClockPrescaler=ADC_CLOCK_SYNC_PCLK_DIV8
ADC3.ContinuousConvMode=DISABLE
ADC3.DMAContinuousRequests=DISABLE
ADC3.DataAlign=ADC_DATAALIGN_RIGHT
ADC3.DiscontinuousConvMode=DISABLE
ADC3.EOCSelection=ADC_EOC_SINGLE_CONV
ADC3.EnableAnalogWatchDog=false
ADC3.ExternalTrigConv=ADC_SOFTWARE_START
ADC3.ExternalTrigConvEdge=ADC_EXTERNALTRIGCONVEDGE_NONE
ADC3.IPParameters=Rank-117\#ChannelRegularConversion,Channel-117\#ChannelRegularConversion,SamplingTime-117\#ChannelRegularConversion,NbrOfConversionFlag,ClockPrescaler,Resolution,DataAlign,ScanConvMode,ContinuousConvMode,DiscontinuousConvMode,DMAContinuousRequests,EOCSelection,NbrOfConversion,ExternalTrigConv,ExternalTrigConvEdge,InjNumberOfConversion,EnableAnalogWatchDog
ADC3.InjNumberOfConversion=0
ADC3.NbrOfConversion=1
ADC3.NbrOfConversionFlag=1
ADC3.Rank-117\#ChannelRegularConversion=1
ADC3.Resolution=ADC_RESOLUTION_12B
ADC3.SamplingTime-117\#ChannelRegularConversion=ADC_SAMPLETIME_3CYCLES
ADC3.ScanConvMode=DISABLE
Dma.Request0=USART2_RX
Dma.Request1=USART3_RX
Dma.Request2=USART1_RX
Dma.Request3=USART6_RX
Dma.RequestsNb=4
Dma.USART1_RX.2.Direction=DMA_PERIPH_TO_MEMORY
Dma.USART1_RX.2.FIFOMode=DMA_FIFOMODE_DISABLE
Dma.USART1_RX.2.Instance=DMA2_Stream2
Dma.USART1_RX.2.MemDataAlignment=DMA_MDATAALIGN_BYTE
Dma.USART1_RX.2.MemInc=DMA_MINC_ENABLE
Dma.USART1_RX.2.Mode=DMA_CIRCULAR
Dma.USART1_RX.2.PeriphDataAlignment=DMA_PDATAALIGN_BYTE
Dma.USART1_RX.2.PeriphInc=DMA_PINC_DISABLE
Dma.USART1_RX.2.Priority=DMA_PRIORITY_LOW
Dma.USART1_RX.2.RequestParameters=Instance,Direction,PeriphInc,MemInc,PeriphDataAlignment,MemDataAlignment,Mode,Priority,FIFOMode
Dma.USART2_RX.0.Direction=DMA_PERIPH_TO_MEMORY
Dma.USART2_RX.0.FIFOMode=DMA_FIFOMODE_DISABLE
Dma.USART2_RX.0.Instance=DMA1_Stream5
Dma.USART2_RX.0.MemDataAlignment=DMA_MDATAALIGN_BYTE
Dma.USART2_RX.0.MemInc=DMA_MINC_ENABLE
Dma.USART2_RX.0.Mode=DMA_NORMAL
Dma.USART2_RX.0.PeriphDataAlignment=DMA_PDATAALIGN_BYTE
Dma.USART2_RX.0.PeriphInc=DMA_PINC_DISABLE
Dma.USART2_RX.0.Priority=DMA_PRIORITY_LOW
Dma.USART2_RX.0.RequestParameters=Instance,Direction,PeriphInc,MemInc,PeriphDataAlignment,MemDataAlignment,Mode,Priority,FIFOMode
Dma.USART3_RX.1.Direction=DMA_PERIPH_TO_MEMORY
Dma.USART3_RX.1.FIFOMode=DMA_FIFOMODE_DISABLE
Dma.USART3_RX.1.Instance=DMA1_Stream1
Dma.USART3_RX.1.MemDataAlignment=DMA_MDATAALIGN_BYTE
Dma.USART3_RX.1.MemInc=DMA_MINC_ENABLE
Dma.USART3_RX.1.Mode=DMA_CIRCULAR
Dma.USART3_RX.1.PeriphDataAlignment=DMA_PDATAALIGN_BYTE
Dma.USART3_RX.1.PeriphInc=DMA_PINC_DISABLE
Dma.USART3_RX.1.Priority=DMA_PRIORITY_LOW
Dma.USART3_RX.1.RequestParameters=Instance,Direction,PeriphInc,MemInc,PeriphDataAlignment,MemDataAlignment,Mode,Priority,FIFOMode
Dma.USART6_RX.3.Direction=DMA_PERIPH_TO_MEMORY
Dma.USART6_RX.3.FIFOMode=DMA_FIFOMODE_DISABLE
Dma.USART6_RX.3.Instance=DMA2_Stream1
Dma.USART6_RX.3.MemDataAlignment=DMA_MDATAALIGN_BYTE
Dma.USART6_RX.3.MemInc=DMA_MINC_ENABLE
Dma.USART6_RX.3.Mode=DMA_NORMAL
Dma.USART6_RX.3.PeriphDataAlignment=DMA_PDATAALIGN_BYTE
Dma.USART6_RX.3.PeriphInc=DMA_PINC_DISABLE
Dma.USART6_RX.3.Priority=DMA_PRIORITY_LOW
Dma.USART6_RX.3.RequestParameters=Instance,Direction,PeriphInc,MemInc,PeriphDataAlignment,MemDataAlignment,Mode,Priority,FIFOMode
FREERTOS.BinarySemaphores01=comFrameRxSem,Dynamic,NULL;comFrameTxSem,Dynamic,NULL;authorizeResultSem,Dynamic,NULL;loopARxSem,Dynamic,NULL;loopBRxSem,Dynamic,NULL;loopCRxSem,Dynamic,NULL;tempADC_Sem,Dynamic,NULL;voltADC_Sem,Dynamic,NULL
FREERTOS.FootprintOK=true
FREERTOS.IPParameters=configCHECK_FOR_STACK_OVERFLOW,configGENERATE_RUN_TIME_STATS,configUSE_TIMERS,configUSE_TICKLESS_IDLE,Tasks01,Queues01,Timers01,Mutexes01,BinarySemaphores01,configUSE_TASK_NOTIFICATIONS,configMINIMAL_STACK_SIZE,FootprintOK
FREERTOS.Mutexes01=authorizeResultMutex,Dynamic,NULL
FREERTOS.Queues01=comRxBufQ,6,comBuf_typeDef,NULL,Dynamic,NULL,NULL;userIDQueue,4,comBuf_typeDef,NULL,Dynamic,NULL,NULL;qualifiedIDQueue,4,comBuf_typeDef,NULL,Dynamic,NULL,NULL;infoIDQueue,4,comBuf_typeDef,NULL,Dynamic,NULL,NULL;comTxBufQ,5,comBuf_typeDef,NULL,Dynamic,NULL,NULL;memoryQueue,16,uint32_t,NULL,Dynamic,NULL,NULL
FREERTOS.Tasks01=defaultTask,-2,128,StartDefaultTask,Default,NULL,Dynamic,NULL,NULL;StartTask,-3,128,startTask,Default,NULL,Dynamic,NULL,NULL;LoopATask,-1,128,loopATask,As weak,NULL,Dynamic,NULL,NULL;LoopBTask,-1,128,loopBTask,As weak,NULL,Dynamic,NULL,NULL;IAP_Task,2,512,iapTask,As weak,NULL,Dynamic,NULL,NULL;ComTxTask,0,128,comTxTask,As weak,NULL,Dynamic,NULL,NULL;ComRxTask,-3,128,comRxTask,As weak,NULL,Dynamic,NULL,NULL;MemoryTask,-2,64,memoryTask,As weak,NULL,Dynamic,NULL,NULL
FREERTOS.Timers01=rfidTimer,ReadRFID,osTimerPeriodic,As external,NULL,Dynamic,NULL
FREERTOS.configCHECK_FOR_STACK_OVERFLOW=1
FREERTOS.configGENERATE_RUN_TIME_STATS=1
FREERTOS.configMINIMAL_STACK_SIZE=64
FREERTOS.configUSE_TASK_NOTIFICATIONS=0
FREERTOS.configUSE_TICKLESS_IDLE=1
FREERTOS.configUSE_TIMERS=1
File.Version=6
KeepUserPlacement=false
Mcu.Family=STM32F4
Mcu.IP0=ADC1
Mcu.IP1=ADC3
Mcu.IP10=RTC
Mcu.IP11=SDIO
Mcu.IP12=SPI1
Mcu.IP13=SPI2
Mcu.IP14=SYS
Mcu.IP15=USART1
Mcu.IP16=USART2
Mcu.IP17=USART3
Mcu.IP18=USART6
Mcu.IP2=CRC
Mcu.IP3=DMA
Mcu.IP4=FREERTOS
Mcu.IP5=I2C1
Mcu.IP6=I2C2
Mcu.IP7=NVIC
Mcu.IP8=RCC
Mcu.IP9=RNG
Mcu.IPNb=19
Mcu.Name=STM32F407Z(E-G)Tx
Mcu.Package=LQFP144
Mcu.Pin0=PE4
Mcu.Pin1=PC13-ANTI_TAMP
Mcu.Pin10=PF7
Mcu.Pin11=PF8
Mcu.Pin12=PH0-OSC_IN
Mcu.Pin13=PH1-OSC_OUT
Mcu.Pin14=PC0
Mcu.Pin15=PA0-WKUP
Mcu.Pin16=PA1
Mcu.Pin17=PA2
Mcu.Pin18=PA3
Mcu.Pin19=PA4
Mcu.Pin2=PC14-OSC32_IN
Mcu.Pin20=PA5
Mcu.Pin21=PA6
Mcu.Pin22=PA7
Mcu.Pin23=PC4
Mcu.Pin24=PC5
Mcu.Pin25=PB0
Mcu.Pin26=PB1
Mcu.Pin27=PB2
Mcu.Pin28=PF11
Mcu.Pin29=PF12
Mcu.Pin3=PC15-OSC32_OUT
Mcu.Pin30=PF13
Mcu.Pin31=PG0
Mcu.Pin32=PG1
Mcu.Pin33=PE7
Mcu.Pin34=PE8
Mcu.Pin35=PB12
Mcu.Pin36=PB13
Mcu.Pin37=PB14
Mcu.Pin38=PB15
Mcu.Pin39=PD8
Mcu.Pin4=PF0
Mcu.Pin40=PD9
Mcu.Pin41=PD10
Mcu.Pin42=PD11
Mcu.Pin43=PD12
Mcu.Pin44=PD13
Mcu.Pin45=PD14
Mcu.Pin46=PD15
Mcu.Pin47=PG2
Mcu.Pin48=PG6
Mcu.Pin49=PG7
Mcu.Pin5=PF1
Mcu.Pin50=PG8
Mcu.Pin51=PC6
Mcu.Pin52=PC7
Mcu.Pin53=PC8
Mcu.Pin54=PC9
Mcu.Pin55=PA8
Mcu.Pin56=PA9
Mcu.Pin57=PA10
Mcu.Pin58=PA11
Mcu.Pin59=PA12
Mcu.Pin6=PF2
Mcu.Pin60=PA13
Mcu.Pin61=PA14
Mcu.Pin62=PA15
Mcu.Pin63=PC10
Mcu.Pin64=PC11
Mcu.Pin65=PC12
Mcu.Pin66=PD2
Mcu.Pin67=PD3
Mcu.Pin68=PD7
Mcu.Pin69=PG9
Mcu.Pin7=PF3
Mcu.Pin70=PG10
Mcu.Pin71=PG11
Mcu.Pin72=PG12
Mcu.Pin73=PG13
Mcu.Pin74=PG14
Mcu.Pin75=PG15
Mcu.Pin76=PB3
Mcu.Pin77=PB4
Mcu.Pin78=PB5
Mcu.Pin79=PB6
Mcu.Pin8=PF4
Mcu.Pin80=PB7
Mcu.Pin81=PB8
Mcu.Pin82=PB9
Mcu.Pin83=PE0
Mcu.Pin84=PE1
Mcu.Pin85=VP_ADC1_TempSens_Input
Mcu.Pin86=VP_ADC1_Vbat_Input
Mcu.Pin87=VP_CRC_VS_CRC
Mcu.Pin88=VP_FREERTOS_VS_ENABLE
Mcu.Pin89=VP_RNG_VS_RNG
Mcu.Pin9=PF6
Mcu.Pin90=VP_RTC_VS_RTC_Activate
Mcu.Pin91=VP_SYS_VS_Systick
Mcu.PinsNb=92
Mcu.UserConstants=
Mcu.UserName=STM32F407ZGTx
MxCube.Version=4.20.1
MxDb.Version=DB.4.0.200
NVIC.ADC_IRQn=true\:5\:0\:false\:false\:true\:true
NVIC.BusFault_IRQn=true\:0\:0\:false\:false\:true\:false
NVIC.DMA1_Stream1_IRQn=true\:5\:0\:false\:false\:true\:true
NVIC.DMA1_Stream5_IRQn=true\:5\:0\:false\:false\:true\:true
NVIC.DMA2_Stream1_IRQn=true\:5\:0\:false\:false\:true\:true
NVIC.DMA2_Stream2_IRQn=true\:5\:0\:false\:false\:true\:true
NVIC.DebugMonitor_IRQn=true\:0\:0\:false\:false\:true\:false
NVIC.HardFault_IRQn=true\:0\:0\:false\:false\:true\:false
NVIC.MemoryManagement_IRQn=true\:0\:0\:false\:false\:true\:false
NVIC.NonMaskableInt_IRQn=true\:0\:0\:false\:false\:true\:false
NVIC.PendSV_IRQn=true\:15\:0\:false\:false\:false\:true
NVIC.PriorityGroup=NVIC_PRIORITYGROUP_4
NVIC.SPI2_IRQn=true\:5\:0\:false\:false\:true\:true
NVIC.SVCall_IRQn=true\:0\:0\:false\:false\:false\:false
NVIC.SysTick_IRQn=true\:15\:0\:false\:false\:true\:true
NVIC.USART1_IRQn=true\:5\:0\:false\:false\:true\:true
NVIC.USART2_IRQn=true\:5\:0\:false\:false\:true\:true
NVIC.USART3_IRQn=true\:5\:0\:false\:false\:true\:true
NVIC.USART6_IRQn=true\:5\:0\:false\:false\:true\:true
NVIC.UsageFault_IRQn=true\:0\:0\:false\:false\:true\:false
PA0-WKUP.GPIOParameters=GPIO_Label
PA0-WKUP.GPIO_Label=keyInput1
PA0-WKUP.Locked=true
PA0-WKUP.Signal=GPIO_Input
PA1.GPIOParameters=GPIO_Label
PA1.GPIO_Label=dilFullDetectA
PA1.Locked=true
PA1.Signal=GPIO_Input
PA10.GPIOParameters=GPIO_Label
PA10.GPIO_Label=debugComRx
PA10.Locked=true
PA10.Mode=Asynchronous
PA10.Signal=USART1_RX
PA11.Locked=true
PA11.Signal=USB_OTG_FS_DM
PA12.Locked=true
PA12.Signal=USB_OTG_FS_DP
PA13.Locked=true
PA13.Mode=JTAG_5_pins
PA13.Signal=SYS_JTMS-SWDIO
PA14.Locked=true
PA14.Mode=JTAG_5_pins
PA14.Signal=SYS_JTCK-SWCLK
PA15.Locked=true
PA15.Mode=JTAG_5_pins
PA15.Signal=SYS_JTDI
PA2.GPIOParameters=GPIO_Label
PA2.GPIO_Label=rfidA_Tx
PA2.Locked=true
PA2.Mode=Asynchronous
PA2.Signal=USART2_TX
PA3.GPIOParameters=GPIO_Label
PA3.GPIO_Label=rfidA_Rx
PA3.Locked=true
PA3.Mode=Asynchronous
PA3.Signal=USART2_RX
PA4.Mode=NSS_Signal_Hard_Output
PA4.Signal=SPI1_NSS
PA5.Mode=Full_Duplex_Master
PA5.Signal=SPI1_SCK
PA6.Mode=Full_Duplex_Master
PA6.Signal=SPI1_MISO
PA7.Mode=Full_Duplex_Master
PA7.Signal=SPI1_MOSI
PA8.GPIOParameters=GPIO_Label,GPIO_PuPd
PA8.GPIO_Label=exitlComAux
PA8.GPIO_PuPd=GPIO_PULLUP
PA8.Locked=true
PA8.Signal=GPXTI8
PA9.GPIOParameters=GPIO_Label
PA9.GPIO_Label=debugComTx
PA9.Locked=true
PA9.Mode=Asynchronous
PA9.Signal=USART1_TX
PB0.GPIOParameters=GPIO_Label
PB0.GPIO_Label=dohSoundA1
PB0.Locked=true
PB0.Signal=GPIO_Output
PB1.GPIOParameters=GPIO_Label
PB1.GPIO_Label=dohSoundA2
PB1.Locked=true
PB1.Signal=GPIO_Output
PB12.GPIOParameters=GPIO_Label
PB12.GPIO_Label=flashCs
PB12.Locked=true
PB12.Signal=GPIO_Output
PB13.GPIOParameters=GPIO_Label
PB13.GPIO_Label=flashClk
PB13.Locked=true
PB13.Mode=Full_Duplex_Master
PB13.Signal=SPI2_SCK
PB14.GPIOParameters=GPIO_Label
PB14.GPIO_Label=flashMiso
PB14.Locked=true
PB14.Mode=Full_Duplex_Master
PB14.Signal=SPI2_MISO
PB15.GPIOParameters=GPIO_Label
PB15.GPIO_Label=flashMosi
PB15.Locked=true
PB15.Mode=Full_Duplex_Master
PB15.Signal=SPI2_MOSI
PB2.GPIOParameters=GPIO_Label
PB2.GPIO_Label=BOOT1
PB2.Locked=true
PB2.Signal=GPIO_Input
PB3.Mode=JTAG_5_pins
PB3.Signal=SYS_JTDO-SWO
PB4.Mode=JTAG_5_pins
PB4.Signal=SYS_JTRST
PB5.GPIOParameters=GPIO_Label
PB5.GPIO_Label=dohUnlockC
PB5.Locked=true
PB5.Signal=GPIO_Output
PB6.GPIOParameters=GPIO_Label
PB6.GPIO_Label=eepromSCL
PB6.Locked=true
PB6.Mode=I2C
PB6.Signal=I2C1_SCL
PB7.GPIOParameters=GPIO_Label
PB7.GPIO_Label=eepromSDA
PB7.Locked=true
PB7.Mode=I2C
PB7.Signal=I2C1_SDA
PB8.Locked=true
PB8.Signal=DCMI_D6
PB9.Locked=true
PB9.Signal=DCMI_D7
PC0.GPIOParameters=GPIO_Label
PC0.GPIO_Label=coreLED1
PC0.Locked=true
PC0.Signal=GPIO_Output
PC10.Locked=true
PC10.Mode=SD_4_bits_Wide_bus
PC10.Signal=SDIO_D2
PC11.Locked=true
PC11.Mode=SD_4_bits_Wide_bus
PC11.Signal=SDIO_D3
PC12.Locked=true
PC12.Mode=SD_4_bits_Wide_bus
PC12.Signal=SDIO_CK
PC13-ANTI_TAMP.Mode=Calibration_512Hz
PC13-ANTI_TAMP.Signal=RTC_AF1
PC14-OSC32_IN.Mode=LSE-External-Oscillator
PC14-OSC32_IN.Signal=RCC_OSC32_IN
PC15-OSC32_OUT.Mode=LSE-External-Oscillator
PC15-OSC32_OUT.Signal=RCC_OSC32_OUT
PC4.GPIOParameters=GPIO_Label
PC4.GPIO_Label=scalesA_CLK
PC4.Locked=true
PC4.Signal=GPIO_Output
PC5.GPIOParameters=GPIO_Label,GPIO_PuPd
PC5.GPIO_Label=scalesA_DIO
PC5.GPIO_PuPd=GPIO_PULLUP
PC5.Locked=true
PC5.Signal=GPIO_Input
PC6.Locked=true
PC6.Signal=DCMI_D0
PC7.Locked=true
PC7.Signal=DCMI_D1
PC8.Locked=true
PC8.Mode=SD_4_bits_Wide_bus
PC8.Signal=SDIO_D0
PC9.Locked=true
PC9.Mode=SD_4_bits_Wide_bus
PC9.Signal=SDIO_D1
PCC.Battery=LC-P12R2P
PCC.Battery.Capacity=7200.0
PCC.Battery.Compatibility=No
PCC.Battery.InParallel=1
PCC.Battery.InSeries=1
PCC.Battery.MaxContinuous=0.0
PCC.Battery.MaxPulseCurrent=0.0
PCC.Battery.NominalVoltage=0.0
PCC.Battery.SelfDischarge=5.0
PCC.Checker=false
PCC.Line=STM32F407/417
PCC.MCU=STM32F407Z(E-G)Tx
PCC.MXVersion=4.20.1
PCC.PartNumber=STM32F407ZGTx
PCC.Seq0=3
PCC.Seq0.Step0.Average_Current=89.76 mA
PCC.Seq0.Step0.CPU_Frequency=90.0 MHz
PCC.Seq0.Step0.Category=In DS Table
PCC.Seq0.Step0.DMIPS=112.5
PCC.Seq0.Step0.Duration=60 s
PCC.Seq0.Step0.Frequency=4.0 MHz
PCC.Seq0.Step0.Memory=RAM/FLASH/ART
PCC.Seq0.Step0.Mode=RUN
PCC.Seq0.Step0.Oscillator=HSE PLL
PCC.Seq0.Step0.Peripherals=ADC1 ADC3 BKPSRAM CRC DMA1 GPIOA GPIOB GPIOC GPIOD GPIOE I2C1 PVD/BOR PWR RNG RTC SPI1 SYS TIM1 TIM2 TIM3 UART4 USART1 USART2 USART3 USART6 WWDG
PCC.Seq0.Step0.TaMax=93.15
PCC.Seq0.Step0.User's_Consumption=60 mA
PCC.Seq0.Step0.Vcore=Scale2-Medium
PCC.Seq0.Step0.Vdd=3.3
PCC.Seq0.Step0.Voltage_Source=Battery
PCC.Seq0.Step1.Average_Current=6.1 mA
PCC.Seq0.Step1.CPU_Frequency=8.0 MHz
PCC.Seq0.Step1.Category=In DS Table
PCC.Seq0.Step1.DMIPS=10.0
PCC.Seq0.Step1.Duration=420 s
PCC.Seq0.Step1.Frequency=8.0 MHz
PCC.Seq0.Step1.Memory=RAM/FLASH
PCC.Seq0.Step1.Mode=SLEEP
PCC.Seq0.Step1.Oscillator=HSE
PCC.Seq0.Step1.Peripherals=GPIOA SYS TIM1 USART1 WWDG
PCC.Seq0.Step1.TaMax=104.19
PCC.Seq0.Step1.User's_Consumption=5 mA
PCC.Seq0.Step1.Vcore=Scale2-Medium
PCC.Seq0.Step1.Vdd=3.3
PCC.Seq0.Step1.Voltage_Source=Battery
PCC.Seq0.Step2.Average_Current=120 mA
PCC.Seq0.Step2.CPU_Frequency=168.0 MHz
PCC.Seq0.Step2.Category=In DS Table
PCC.Seq0.Step2.DMIPS=210.0
PCC.Seq0.Step2.Duration=2 s
PCC.Seq0.Step2.Frequency=4.0 MHz
PCC.Seq0.Step2.Memory=RAM/FLASH/ART
PCC.Seq0.Step2.Mode=RUN
PCC.Seq0.Step2.Oscillator=HSE PLL
PCC.Seq0.Step2.Peripherals=
PCC.Seq0.Step2.TaMax=89.16
PCC.Seq0.Step2.User's_Consumption=80 mA
PCC.Seq0.Step2.Vcore=Scale1-High
PCC.Seq0.Step2.Vdd=3.3
PCC.Seq0.Step2.Voltage_Source=Battery
PCC.Series=STM32F4
PCC.Temperature=25
PCC.Vdd=3.3
PD10.GPIOParameters=GPIO_Label
PD10.GPIO_Label=scalesB_CLK
PD10.Locked=true
PD10.Signal=GPIO_Output
PD11.GPIOParameters=GPIO_Label,GPIO_PuPd
PD11.GPIO_Label=scalesB_DIO
PD11.GPIO_PuPd=GPIO_PULLUP
PD11.Locked=true
PD11.Signal=GPIO_Input
PD12.GPIOParameters=GPIO_Label
PD12.GPIO_Label=dilFullDetectB
PD12.Locked=true
PD12.Signal=GPIO_Input
PD13.GPIOParameters=GPIO_Label
PD13.GPIO_Label=dohSoundB1
PD13.Locked=true
PD13.Signal=GPIO_Output
PD14.GPIOParameters=GPIO_Label
PD14.GPIO_Label=dohSoundB2
PD14.Locked=true
PD14.Signal=GPIO_Output
PD15.GPIOParameters=GPIO_Label
PD15.GPIO_Label=dohUnlockB
PD15.Locked=true
PD15.Signal=GPIO_Output
PD2.Locked=true
PD2.Mode=SD_4_bits_Wide_bus
PD2.Signal=SDIO_CMD
PD3.GPIOParameters=GPIO_Label
PD3.GPIO_Label=coreLED2
PD3.Locked=true
PD3.Signal=GPIO_Output
PD7.GPIOParameters=GPIO_Label,GPIO_PuPd
PD7.GPIO_Label=dilScalesC_Act
PD7.GPIO_PuPd=GPIO_PULLUP
PD7.Locked=true
PD7.Signal=GPIO_Input
PD8.GPIOParameters=GPIO_Label
PD8.GPIO_Label=rfidB_Tx
PD8.Locked=true
PD8.Mode=Asynchronous
PD8.Signal=USART3_TX
PD9.GPIOParameters=GPIO_Label
PD9.GPIO_Label=rfidB_Rx
PD9.Locked=true
PD9.Mode=Asynchronous
PD9.Signal=USART3_RX
PE0.Locked=true
PE0.Signal=DCMI_D2
PE1.Locked=true
PE1.Signal=DCMI_D3
PE4.Locked=true
PE4.Signal=DCMI_D4
PE7.GPIOParameters=GPIO_Label
PE7.GPIO_Label=dohRfidPwCtrl
PE7.Locked=true
PE7.Signal=GPIO_Output
PE8.GPIOParameters=GPIO_Label
PE8.GPIO_Label=dohSoundPwCtrl
PE8.Locked=true
PE8.Signal=GPIO_Output
PF0.Locked=true
PF0.Mode=I2C
PF0.Signal=I2C2_SDA
PF1.Locked=true
PF1.Mode=I2C
PF1.Signal=I2C2_SCL
PF11.GPIOParameters=GPIO_Label
PF11.GPIO_Label=keyInput2
PF11.Locked=true
PF11.Signal=GPIO_Input
PF12.GPIOParameters=GPIO_Label,GPIO_PuPd
PF12.GPIO_Label=dilScalesA_Act
PF12.GPIO_PuPd=GPIO_PULLUP
PF12.Locked=true
PF12.Signal=GPIO_Input
PF13.GPIOParameters=GPIO_Label
PF13.GPIO_Label=dohUnlockA
PF13.Locked=true
PF13.Signal=GPIO_Output
PF2.GPIOParameters=GPIO_Label
PF2.GPIO_Label=dohIndicatorA
PF2.Locked=true
PF2.Signal=GPIO_Output
PF3.GPIOParameters=GPIO_Label
PF3.GPIO_Label=dohIndicatorB
PF3.Locked=true
PF3.Signal=GPIO_Output
PF4.Locked=true
PF4.Signal=GPIO_Output
PF6.GPIOParameters=GPIO_Label
PF6.GPIO_Label=aiMainPwMonitor
PF6.Locked=true
PF6.Mode=IN4
PF6.Signal=ADC3_IN4
PF7.Locked=true
PF7.Signal=ADC3_IN5
PF8.Locked=true
PF8.Signal=ADC3_IN6
PG0.GPIOParameters=GPIO_Label
PG0.GPIO_Label=dohDebugPwCtrl
PG0.Locked=true
PG0.Signal=GPIO_Output
PG1.GPIOParameters=GPIO_Label
PG1.GPIO_Label=dohScalesPwCtrl
PG1.Locked=true
PG1.Signal=GPIO_Output
PG10.GPIOParameters=GPIO_Label
PG10.GPIO_Label=scalesC_CLK
PG10.Locked=true
PG10.Signal=GPIO_Output
PG11.GPIOParameters=GPIO_Label,GPIO_PuPd
PG11.GPIO_Label=scalesC_DIO
PG11.GPIO_PuPd=GPIO_PULLUP
PG11.Locked=true
PG11.Signal=GPIO_Input
PG12.GPIOParameters=GPIO_Label,GPIO_PuPd
PG12.GPIO_Label=dilFullDetectC
PG12.GPIO_PuPd=GPIO_PULLUP
PG12.Locked=true
PG12.Signal=GPIO_Input
PG13.GPIOParameters=GPIO_Label
PG13.GPIO_Label=dohSoundC1
PG13.Locked=true
PG13.Signal=GPIO_Output
PG14.GPIOParameters=GPIO_Label
PG14.GPIO_Label=rfidC_Tx
PG14.Locked=true
PG14.Mode=Asynchronous
PG14.Signal=USART6_TX
PG15.GPIOParameters=GPIO_Label
PG15.GPIO_Label=dohSoundC2
PG15.Locked=true
PG15.Signal=GPIO_Output
PG2.GPIOParameters=GPIO_Label,GPIO_PuPd
PG2.GPIO_Label=dilScalesB_Act
PG2.GPIO_PuPd=GPIO_PULLUP
PG2.Locked=true
PG2.Signal=GPIO_Input
PG6.GPIOParameters=GPIO_Label
PG6.GPIO_Label=dilDebugAct
PG6.Locked=true
PG6.Signal=GPIO_Input
PG7.GPIOParameters=GPIO_Label
PG7.GPIO_Label=doComMode1
PG7.Locked=true
PG7.Signal=GPIO_Output
PG8.GPIOParameters=GPIO_Label
PG8.GPIO_Label=doComMode0
PG8.Locked=true
PG8.Signal=GPIO_Output
PG9.GPIOParameters=GPIO_Label
PG9.GPIO_Label=rfidC_Rx
PG9.Locked=true
PG9.Mode=Asynchronous
PG9.Signal=USART6_RX
PH0-OSC_IN.Mode=HSE-External-Oscillator
PH0-OSC_IN.Signal=RCC_OSC_IN
PH1-OSC_OUT.Mode=HSE-External-Oscillator
PH1-OSC_OUT.Signal=RCC_OSC_OUT
ProjectManager.AskForMigrate=true
ProjectManager.BackupPrevious=false
ProjectManager.CompilerOptimize=2
ProjectManager.ComputerToolchain=false
ProjectManager.CoupleFile=true
ProjectManager.CustomerFirmwarePackage=C\:/09_lh/STM32Cube/Repository/STM32Cube_FW_F4_V1.16.0
ProjectManager.DefaultFWLocation=true
ProjectManager.DeletePrevious=true
ProjectManager.DeviceId=STM32F407ZGTx
ProjectManager.FirmwarePackage=STM32Cube FW_F4 V1.16.0
ProjectManager.FreePins=false
ProjectManager.HalAssertFull=true
ProjectManager.HeapSize=0x200
ProjectManager.KeepUserCode=true
ProjectManager.LastFirmware=true
ProjectManager.LibraryCopy=1
ProjectManager.PreviousToolchain=TrueSTUDIO
ProjectManager.ProjectBuild=false
ProjectManager.ProjectFileName=IntelRecycleBin.ioc
ProjectManager.ProjectName=IntelRecycleBin
ProjectManager.StackSize=0x500
ProjectManager.TargetToolchain=TrueSTUDIO
ProjectManager.ToolChainLocation=
ProjectManager.UnderRoot=true
ProjectManager.functionlistsort=1-MX_GPIO_Init-GPIO-false-HAL,2-MX_DMA_Init-DMA-false-HAL,3-SystemClock_Config-RCC-false-HAL,4-MX_I2C2_Init-I2C2-false-HAL,5-MX_RNG_Init-RNG-false-HAL,6-MX_RTC_Init-RTC-false-HAL,7-MX_SDIO_SD_Init-SDIO-false-HAL,8-MX_SPI2_Init-SPI2-false-HAL,9-MX_USART6_UART_Init-USART6-false-HAL,10-MX_ADC1_Init-ADC1-false-HAL,11-MX_USART1_UART_Init-USART1-false-HAL,12-MX_USART2_UART_Init-USART2-false-HAL,13-MX_USART3_UART_Init-USART3-false-HAL,14-MX_I2C1_Init-I2C1-false-HAL,15-MX_ADC3_Init-ADC3-false-HAL,16-MX_SPI1_Init-SPI1-false-HAL,17-MX_CRC_Init-CRC-false-HAL
RCC.48MHZClocksFreq_Value=48000000
RCC.AHBFreq_Value=84000000
RCC.APB1CLKDivider=RCC_HCLK_DIV2
RCC.APB1Freq_Value=42000000
RCC.APB1TimFreq_Value=84000000
RCC.APB2Freq_Value=84000000
RCC.APB2TimFreq_Value=84000000
RCC.CortexFreq_Value=84000000
RCC.EthernetFreq_Value=84000000
RCC.FCLKCortexFreq_Value=84000000
RCC.FamilyName=M
RCC.HCLKFreq_Value=84000000
RCC.HSE_VALUE=8000000
RCC.HSI_VALUE=16000000
RCC.I2SClocksFreq_Value=192000000
RCC.IPParameters=48MHZClocksFreq_Value,AHBFreq_Value,APB1CLKDivider,APB1Freq_Value,APB1TimFreq_Value,APB2Freq_Value,APB2TimFreq_Value,CortexFreq_Value,EthernetFreq_Value,FCLKCortexFreq_Value,FamilyName,HCLKFreq_Value,HSE_VALUE,HSI_VALUE,I2SClocksFreq_Value,LSI_VALUE,MCO2PinFreq_Value,PLLCLKFreq_Value,PLLM,PLLN,PLLP,PLLQ,PLLQCLKFreq_Value,PLLSourceVirtual,RCC_RTC_Clock_Source,RCC_RTC_Clock_SourceVirtual,RTCFreq_Value,RTCHSEDivFreq_Value,SYSCLKFreq_VALUE,SYSCLKSource,VCOI2SOutputFreq_Value,VCOInputFreq_Value,VCOOutputFreq_Value,VcooutputI2S
RCC.LSI_VALUE=32000
RCC.MCO2PinFreq_Value=84000000
RCC.PLLCLKFreq_Value=84000000
RCC.PLLM=4
RCC.PLLN=168
RCC.PLLP=RCC_PLLP_DIV4
RCC.PLLQ=7
RCC.PLLQCLKFreq_Value=48000000
RCC.PLLSourceVirtual=RCC_PLLSOURCE_HSE
RCC.RCC_RTC_Clock_Source=RCC_RTCCLKSOURCE_LSI
RCC.RCC_RTC_Clock_SourceVirtual=RCC_RTCCLKSOURCE_LSE
RCC.RTCFreq_Value=32000
RCC.RTCHSEDivFreq_Value=4000000
RCC.SYSCLKFreq_VALUE=84000000
RCC.SYSCLKSource=RCC_SYSCLKSOURCE_PLLCLK
RCC.VCOI2SOutputFreq_Value=384000000
RCC.VCOInputFreq_Value=2000000
RCC.VCOOutputFreq_Value=336000000
RCC.VcooutputI2S=192000000
SH.GPXTI8.0=GPIO_EXTI8
SH.GPXTI8.ConfNb=1
SPI1.BaudRatePrescaler=SPI_BAUDRATEPRESCALER_2
SPI1.CalculateBaudRate=42.0 MBits/s
SPI1.Direction=SPI_DIRECTION_2LINES
SPI1.IPParameters=VirtualType,Mode,Direction,CalculateBaudRate,VirtualNSS,BaudRatePrescaler
SPI1.Mode=SPI_MODE_MASTER
SPI1.VirtualNSS=VM_NSSHARD
SPI1.VirtualType=VM_MASTER
SPI2.BaudRatePrescaler=SPI_BAUDRATEPRESCALER_2
SPI2.CalculateBaudRate=21.0 MBits/s
SPI2.Direction=SPI_DIRECTION_2LINES
SPI2.IPParameters=VirtualType,Mode,Direction,CalculateBaudRate,BaudRatePrescaler
SPI2.Mode=SPI_MODE_MASTER
SPI2.VirtualType=VM_MASTER
USART1.BaudRate=115200
USART1.IPParameters=VirtualMode,BaudRate
USART1.VirtualMode=VM_ASYNC
USART2.BaudRate=9600
USART2.IPParameters=VirtualMode,BaudRate
USART2.VirtualMode=VM_ASYNC
USART3.BaudRate=9600
USART3.IPParameters=VirtualMode,BaudRate
USART3.VirtualMode=VM_ASYNC
USART6.BaudRate=9600
USART6.IPParameters=VirtualMode,BaudRate
USART6.VirtualMode=VM_ASYNC
VP_ADC1_TempSens_Input.Mode=IN-TempSens
VP_ADC1_TempSens_Input.Signal=ADC1_TempSens_Input
VP_ADC1_Vbat_Input.Mode=IN-Vbat
VP_ADC1_Vbat_Input.Signal=ADC1_Vbat_Input
VP_CRC_VS_CRC.Mode=CRC_Activate
VP_CRC_VS_CRC.Signal=CRC_VS_CRC
VP_FREERTOS_VS_ENABLE.Mode=Enabled
VP_FREERTOS_VS_ENABLE.Signal=FREERTOS_VS_ENABLE
VP_RNG_VS_RNG.Mode=RNG_Activate
VP_RNG_VS_RNG.Signal=RNG_VS_RNG
VP_RTC_VS_RTC_Activate.Mode=RTC_Enabled
VP_RTC_VS_RTC_Activate.Signal=RTC_VS_RTC_Activate
VP_SYS_VS_Systick.Mode=SysTick
VP_SYS_VS_Systick.Signal=SYS_VS_Systick
board=IntelRecycleBin
